
Microsoft Visual Studio Solution File, Format Version 12.00
# Visual Studio Version 16
VisualStudioVersion = 16.0.32228.343
MinimumVisualStudioVersion = 10.0.40219.1
Project("{9A19103F-16F7-4668-BE54-9A1E7A4F7556}") = "DataLayer", "DataLayer\DataLayer.csproj", "{D75F080A-7554-40A9-855A-63D6351DAF29}"
EndProject
Project("{9A19103F-16F7-4668-BE54-9A1E7A4F7556}") = "DomainLayer", "DomainLayer\DomainLayer.csproj", "{AC61FF8F-C360-4648-8C52-D0EF6A4C74BA}"
EndProject
Project("{9A19103F-16F7-4668-BE54-9A1E7A4F7556}") = "WebApplication2", "WebApplication2\WebApplication2.csproj", "{EBD8845B-EF63-4CEB-9715-1CF5BAF92461}"
EndProject
Global
	GlobalSection(SolutionConfigurationPlatforms) = preSolution
		Debug|Any CPU = Debug|Any CPU
		Release|Any CPU = Release|Any CPU
	EndGlobalSection
	GlobalSection(ProjectConfigurationPlatforms) = postSolution
		{D75F080A-7554-40A9-855A-63D6351DAF29}.Debug|Any CPU.ActiveCfg = Debug|Any CPU
		{D75F080A-7554-40A9-855A-63D6351DAF29}.Debug|Any CPU.Build.0 = Debug|Any CPU
		{D75F080A-7554-40A9-855A-63D6351DAF29}.Release|Any CPU.ActiveCfg = Release|Any CPU
		{D75F080A-7554-40A9-855A-63D6351DAF29}.Release|Any CPU.Build.0 = Release|Any CPU
		{AC61FF8F-C360-4648-8C52-D0EF6A4C74BA}.Debug|Any CPU.ActiveCfg = Debug|Any CPU
		{AC61FF8F-C360-4648-8C52-D0EF6A4C74BA}.Debug|Any CPU.Build.0 = Debug|Any CPU
		{AC61FF8F-C360-4648-8C52-D0EF6A4C74BA}.Release|Any CPU.ActiveCfg = Release|Any CPU
		{AC61FF8F-C360-4648-8C52-D0EF6A4C74BA}.Release|Any CPU.Build.0 = Release|Any CPU
		{EBD8845B-EF63-4CEB-9715-1CF5BAF92461}.Debug|Any CPU.ActiveCfg = Debug|Any CPU
		{EBD8845B-EF63-4CEB-9715-1CF5BAF92461}.Debug|Any CPU.Build.0 = Debug|Any CPU
		{EBD8845B-EF63-4CEB-9715-1CF5BAF92461}.Release|Any CPU.ActiveCfg = Release|Any CPU
		{EBD8845B-EF63-4CEB-9715-1CF5BAF92461}.Release|Any CPU.Build.0 = Release|Any CPU
	EndGlobalSection
	GlobalSection(SolutionProperties) = preSolution
		HideSolutionNode = FALSE
	EndGlobalSection
	GlobalSection(ExtensibilityGlobals) = postSolution
		SolutionGuid = {17492BE8-F74B-440F-9243-8CE1611A9E09}
	EndGlobalSection
EndGlobal
